Microsoft Visual Studio Solution File, Format Version 12.00
# Visual Studio Version 17
VisualStudioVersion = 17.5.2.0
MinimumVisualStudioVersion = 10.0.40219.1
Project("{2150E333-8FDC-42A3-9474-1A3956D46DE8}") = "09(September)", "09(September)", "{2A1E79A8-4061-4AF1-53ED-D5CD6FB63D17}"
EndProject
Project("{2150E333-8FDC-42A3-9474-1A3956D46DE8}") = "10(October)", "10(October)", "{2F0D8778-B96B-DA6C-2AD6-8787EC741F9C}"
EndProject
Project("{2150E333-8FDC-42A3-9474-1A3956D46DE8}") = "2025", "2025", "{D5990CF2-AFE0-0EA4-D2AE-0926095447EB}"
EndProject
Project("{2150E333-8FDC-42A3-9474-1A3956D46DE8}") = "homework12.09.25", "homework12.09.25", "{8D10513E-6EB1-E987-F6E0-533F16A40778}"
EndProject
Project("{FAE04EC0-301F-11D3-BF4B-00C04F79EFBC}") = "task1", "09(September)\2025\homework12.09.25\task1\task1.csproj", "{56426205-B8C4-2932-9A39-C815F0ADB77D}"
EndProject
Project("{FAE04EC0-301F-11D3-BF4B-00C04F79EFBC}") = "task2", "09(September)\2025\homework12.09.25\task2\task2.csproj", "{DA9B626C-48DA-316D-DCE7-11249FEB157D}"
EndProject
Project("{FAE04EC0-301F-11D3-BF4B-00C04F79EFBC}") = "task3", "09(September)\2025\homework12.09.25\task3\task3.csproj", "{B1633330-FF90-00E8-871D-AFD1CCA70FE5}"
EndProject
Project("{FAE04EC0-301F-11D3-BF4B-00C04F79EFBC}") = "task4", "09(September)\2025\homework12.09.25\task4\task4.csproj", "{74C660A5-E7B0-A964-7DE2-E8C6A85EBF40}"
EndProject
Project("{FAE04EC0-301F-11D3-BF4B-00C04F79EFBC}") = "task5", "09(September)\2025\homework12.09.25\task5\task5.csproj", "{AE033790-7407-A758-BDA1-15AC21791BEA}"
EndProject
Project("{FAE04EC0-301F-11D3-BF4B-00C04F79EFBC}") = "task6", "09(September)\2025\homework12.09.25\task6\task6.csproj", "{D297D1BD-246A-5EB9-67FF-B42B25ABB91C}"
EndProject
Project("{FAE04EC0-301F-11D3-BF4B-00C04F79EFBC}") = "task7", "09(September)\2025\homework12.09.25\task7\task7.csproj", "{60DDE808-B574-486E-1E74-FC44271D0EA0}"
EndProject
Project("{FAE04EC0-301F-11D3-BF4B-00C04F79EFBC}") = "task8", "09(September)\2025\homework12.09.25\task8\task8.csproj", "{AEB3F306-971D-3836-DB3D-277B565F4AC0}"
EndProject
Project("{2150E333-8FDC-42A3-9474-1A3956D46DE8}") = "homework28.09.25", "homework28.09.25", "{40D440C9-A68A-29AC-A770-46040EC75C33}"
EndProject
Project("{FAE04EC0-301F-11D3-BF4B-00C04F79EFBC}") = "task1", "09(September)\2025\homework28.09.25\task1\task1.csproj", "{92239055-F8E4-40EA-ABCB-C128BE7C1383}"
EndProject
Project("{FAE04EC0-301F-11D3-BF4B-00C04F79EFBC}") = "task2", "09(September)\2025\homework28.09.25\task2\task2.csproj", "{E440FBCB-F58B-AD0B-A3CE-C70A2BD376F5}"
EndProject
Project("{2150E333-8FDC-42A3-9474-1A3956D46DE8}") = "2025", "2025", "{7279D24F-16A8-80D1-9599-92FB1BBC231B}"
EndProject
Project("{2150E333-8FDC-42A3-9474-1A3956D46DE8}") = "homework12.10.25", "homework12.10.25", "{4269362F-D6F2-65F4-2BBE-AB3AFD2B4DB6}"
EndProject
Project("{FAE04EC0-301F-11D3-BF4B-00C04F79EFBC}") = "task1", "10(October)\2025\homework12.10.25\task1\task1.csproj", "{8D37BE8D-4D6C-F558-1794-01A9B4A04C11}"
EndProject
Project("{2150E333-8FDC-42A3-9474-1A3956D46DE8}") = "homework17.10.25", "homework17.10.25", "{0E59740C-F003-F9F0-ABE1-49AC156FA111}"
EndProject
Project("{FAE04EC0-301F-11D3-BF4B-00C04F79EFBC}") = "task", "10(October)\2025\homework17.10.25\task\task.csproj", "{2E4F33A0-EE53-CBF1-4442-D89B517E24FE}"
EndProject
Project("{2150E333-8FDC-42A3-9474-1A3956D46DE8}") = "homework19.10.25", "homework19.10.25", "{CDC25E7E-F634-A95F-269E-30A134B9036E}"
EndProject
Project("{FAE04EC0-301F-11D3-BF4B-00C04F79EFBC}") = "task2", "10(October)\2025\homework19.10.25\task2\task2.csproj", "{4C4A3A37-B3A0-1EA8-440A-1FABC254DAF7}"
EndProject
Project("{2150E333-8FDC-42A3-9474-1A3956D46DE8}") = "homework10.10.25", "homework10.10.25", "{FCBCC9EC-4179-5DE8-9050-0CECF1BF09BB}"
EndProject
Project("{2150E333-8FDC-42A3-9474-1A3956D46DE8}") = "WpfHomework", "WpfHomework", "{4E07D751-4C6D-A351-CD72-54908E1DF165}"
EndProject
Project("{2150E333-8FDC-42A3-9474-1A3956D46DE8}") = "task1", "task1", "{3638C6FB-2E7E-CEFF-B717-59C924D9AFE9}"
EndProject
Project("{FAE04EC0-301F-11D3-BF4B-00C04F79EFBC}") = "task1", "10(October)\2025\homework10.10.25\WpfHomework\task1\task1\task1.csproj", "{AE2DC561-EED2-BB9D-12CD-103CD15FC149}"
EndProject
Project("{2150E333-8FDC-42A3-9474-1A3956D46DE8}") = "task2", "task2", "{CEEF65D4-4365-3B88-CED3-427A7DEF1819}"
EndProject
Project("{FAE04EC0-301F-11D3-BF4B-00C04F79EFBC}") = "task2", "10(October)\2025\homework10.10.25\WpfHomework\task2\task2\task2.csproj", "{D74B7F60-8AC3-94DE-B8D3-6FF8A2FB28FF}"
EndProject
Global
	GlobalSection(SolutionConfigurationPlatforms) = preSolution
		Debug|Any CPU = Debug|Any CPU
		Release|Any CPU = Release|Any CPU
	EndGlobalSection
	GlobalSection(ProjectConfigurationPlatforms) = postSolution
		{56426205-B8C4-2932-9A39-C815F0ADB77D}.Debug|Any CPU.ActiveCfg = Debug|Any CPU
		{56426205-B8C4-2932-9A39-C815F0ADB77D}.Debug|Any CPU.Build.0 = Debug|Any CPU
		{56426205-B8C4-2932-9A39-C815F0ADB77D}.Release|Any CPU.ActiveCfg = Release|Any CPU
		{56426205-B8C4-2932-9A39-C815F0ADB77D}.Release|Any CPU.Build.0 = Release|Any CPU
		{DA9B626C-48DA-316D-DCE7-11249FEB157D}.Debug|Any CPU.ActiveCfg = Debug|Any CPU
		{DA9B626C-48DA-316D-DCE7-11249FEB157D}.Debug|Any CPU.Build.0 = Debug|Any CPU
		{DA9B626C-48DA-316D-DCE7-11249FEB157D}.Release|Any CPU.ActiveCfg = Release|Any CPU
		{DA9B626C-48DA-316D-DCE7-11249FEB157D}.Release|Any CPU.Build.0 = Release|Any CPU
		{B1633330-FF90-00E8-871D-AFD1CCA70FE5}.Debug|Any CPU.ActiveCfg = Debug|Any CPU
		{B1633330-FF90-00E8-871D-AFD1CCA70FE5}.Debug|Any CPU.Build.0 = Debug|Any CPU
		{B1633330-FF90-00E8-871D-AFD1CCA70FE5}.Release|Any CPU.ActiveCfg = Release|Any CPU
		{B1633330-FF90-00E8-871D-AFD1CCA70FE5}.Release|Any CPU.Build.0 = Release|Any CPU
		{74C660A5-E7B0-A964-7DE2-E8C6A85EBF40}.Debug|Any CPU.ActiveCfg = Debug|Any CPU
		{74C660A5-E7B0-A964-7DE2-E8C6A85EBF40}.Debug|Any CPU.Build.0 = Debug|Any CPU
		{74C660A5-E7B0-A964-7DE2-E8C6A85EBF40}.Release|Any CPU.ActiveCfg = Release|Any CPU
		{74C660A5-E7B0-A964-7DE2-E8C6A85EBF40}.Release|Any CPU.Build.0 = Release|Any CPU
		{AE033790-7407-A758-BDA1-15AC21791BEA}.Debug|Any CPU.ActiveCfg = Debug|Any CPU
		{AE033790-7407-A758-BDA1-15AC21791BEA}.Debug|Any CPU.Build.0 = Debug|Any CPU
		{AE033790-7407-A758-BDA1-15AC21791BEA}.Release|Any CPU.ActiveCfg = Release|Any CPU
		{AE033790-7407-A758-BDA1-15AC21791BEA}.Release|Any CPU.Build.0 = Release|Any CPU
		{D297D1BD-246A-5EB9-67FF-B42B25ABB91C}.Debug|Any CPU.ActiveCfg = Debug|Any CPU
		{D297D1BD-246A-5EB9-67FF-B42B25ABB91C}.Debug|Any CPU.Build.0 = Debug|Any CPU
		{D297D1BD-246A-5EB9-67FF-B42B25ABB91C}.Release|Any CPU.ActiveCfg = Release|Any CPU
		{D297D1BD-246A-5EB9-67FF-B42B25ABB91C}.Release|Any CPU.Build.0 = Release|Any CPU
		{60DDE808-B574-486E-1E74-FC44271D0EA0}.Debug|Any CPU.ActiveCfg = Debug|Any CPU
		{60DDE808-B574-486E-1E74-FC44271D0EA0}.Debug|Any CPU.Build.0 = Debug|Any CPU
		{60DDE808-B574-486E-1E74-FC44271D0EA0}.Release|Any CPU.ActiveCfg = Release|Any CPU
		{60DDE808-B574-486E-1E74-FC44271D0EA0}.Release|Any CPU.Build.0 = Release|Any CPU
		{AEB3F306-971D-3836-DB3D-277B565F4AC0}.Debug|Any CPU.ActiveCfg = Debug|Any CPU
		{AEB3F306-971D-3836-DB3D-277B565F4AC0}.Debug|Any CPU.Build.0 = Debug|Any CPU
		{AEB3F306-971D-3836-DB3D-277B565F4AC0}.Release|Any CPU.ActiveCfg = Release|Any CPU
		{AEB3F306-971D-3836-DB3D-277B565F4AC0}.Release|Any CPU.Build.0 = Release|Any CPU
		{92239055-F8E4-40EA-ABCB-C128BE7C1383}.Debug|Any CPU.ActiveCfg = Debug|Any CPU
		{92239055-F8E4-40EA-ABCB-C128BE7C1383}.Debug|Any CPU.Build.0 = Debug|Any CPU
		{92239055-F8E4-40EA-ABCB-C128BE7C1383}.Release|Any CPU.ActiveCfg = Release|Any CPU
		{92239055-F8E4-40EA-ABCB-C128BE7C1383}.Release|Any CPU.Build.0 = Release|Any CPU
		{E440FBCB-F58B-AD0B-A3CE-C70A2BD376F5}.Debug|Any CPU.ActiveCfg = Debug|Any CPU
		{E440FBCB-F58B-AD0B-A3CE-C70A2BD376F5}.Debug|Any CPU.Build.0 = Debug|Any CPU
		{E440FBCB-F58B-AD0B-A3CE-C70A2BD376F5}.Release|Any CPU.ActiveCfg = Release|Any CPU
		{E440FBCB-F58B-AD0B-A3CE-C70A2BD376F5}.Release|Any CPU.Build.0 = Release|Any CPU
		{8D37BE8D-4D6C-F558-1794-01A9B4A04C11}.Debug|Any CPU.ActiveCfg = Debug|Any CPU
		{8D37BE8D-4D6C-F558-1794-01A9B4A04C11}.Debug|Any CPU.Build.0 = Debug|Any CPU
		{8D37BE8D-4D6C-F558-1794-01A9B4A04C11}.Release|Any CPU.ActiveCfg = Release|Any CPU
		{8D37BE8D-4D6C-F558-1794-01A9B4A04C11}.Release|Any CPU.Build.0 = Release|Any CPU
		{2E4F33A0-EE53-CBF1-4442-D89B517E24FE}.Debug|Any CPU.ActiveCfg = Debug|Any CPU
		{2E4F33A0-EE53-CBF1-4442-D89B517E24FE}.Debug|Any CPU.Build.0 = Debug|Any CPU
		{2E4F33A0-EE53-CBF1-4442-D89B517E24FE}.Release|Any CPU.ActiveCfg = Release|Any CPU
		{2E4F33A0-EE53-CBF1-4442-D89B517E24FE}.Release|Any CPU.Build.0 = Release|Any CPU
		{4C4A3A37-B3A0-1EA8-440A-1FABC254DAF7}.Debug|Any CPU.ActiveCfg = Debug|Any CPU
		{4C4A3A37-B3A0-1EA8-440A-1FABC254DAF7}.Debug|Any CPU.Build.0 = Debug|Any CPU
		{4C4A3A37-B3A0-1EA8-440A-1FABC254DAF7}.Release|Any CPU.ActiveCfg = Release|Any CPU
		{4C4A3A37-B3A0-1EA8-440A-1FABC254DAF7}.Release|Any CPU.Build.0 = Release|Any CPU
		{AE2DC561-EED2-BB9D-12CD-103CD15FC149}.Debug|Any CPU.ActiveCfg = Debug|Any CPU
		{AE2DC561-EED2-BB9D-12CD-103CD15FC149}.Debug|Any CPU.Build.0 = Debug|Any CPU
		{AE2DC561-EED2-BB9D-12CD-103CD15FC149}.Release|Any CPU.ActiveCfg = Release|Any CPU
		{AE2DC561-EED2-BB9D-12CD-103CD15FC149}.Release|Any CPU.Build.0 = Release|Any CPU
		{D74B7F60-8AC3-94DE-B8D3-6FF8A2FB28FF}.Debug|Any CPU.ActiveCfg = Debug|Any CPU
		{D74B7F60-8AC3-94DE-B8D3-6FF8A2FB28FF}.Debug|Any CPU.Build.0 = Debug|Any CPU
		{D74B7F60-8AC3-94DE-B8D3-6FF8A2FB28FF}.Release|Any CPU.ActiveCfg = Release|Any CPU
		{D74B7F60-8AC3-94DE-B8D3-6FF8A2FB28FF}.Release|Any CPU.Build.0 = Release|Any CPU
	EndGlobalSection
	GlobalSection(SolutionProperties) = preSolution
		HideSolutionNode = FALSE
	EndGlobalSection
	GlobalSection(NestedProjects) = preSolution
		{D5990CF2-AFE0-0EA4-D2AE-0926095447EB} = {2A1E79A8-4061-4AF1-53ED-D5CD6FB63D17}
		{8D10513E-6EB1-E987-F6E0-533F16A40778} = {D5990CF2-AFE0-0EA4-D2AE-0926095447EB}
		{56426205-B8C4-2932-9A39-C815F0ADB77D} = {8D10513E-6EB1-E987-F6E0-533F16A40778}
		{DA9B626C-48DA-316D-DCE7-11249FEB157D} = {8D10513E-6EB1-E987-F6E0-533F16A40778}
		{B1633330-FF90-00E8-871D-AFD1CCA70FE5} = {8D10513E-6EB1-E987-F6E0-533F16A40778}
		{74C660A5-E7B0-A964-7DE2-E8C6A85EBF40} = {8D10513E-6EB1-E987-F6E0-533F16A40778}
		{AE033790-7407-A758-BDA1-15AC21791BEA} = {8D10513E-6EB1-E987-F6E0-533F16A40778}
		{D297D1BD-246A-5EB9-67FF-B42B25ABB91C} = {8D10513E-6EB1-E987-F6E0-533F16A40778}
		{60DDE808-B574-486E-1E74-FC44271D0EA0} = {8D10513E-6EB1-E987-F6E0-533F16A40778}
		{AEB3F306-971D-3836-DB3D-277B565F4AC0} = {8D10513E-6EB1-E987-F6E0-533F16A40778}
		{40D440C9-A68A-29AC-A770-46040EC75C33} = {D5990CF2-AFE0-0EA4-D2AE-0926095447EB}
		{92239055-F8E4-40EA-ABCB-C128BE7C1383} = {40D440C9-A68A-29AC-A770-46040EC75C33}
		{E440FBCB-F58B-AD0B-A3CE-C70A2BD376F5} = {40D440C9-A68A-29AC-A770-46040EC75C33}
		{7279D24F-16A8-80D1-9599-92FB1BBC231B} = {2F0D8778-B96B-DA6C-2AD6-8787EC741F9C}
		{4269362F-D6F2-65F4-2BBE-AB3AFD2B4DB6} = {7279D24F-16A8-80D1-9599-92FB1BBC231B}
		{8D37BE8D-4D6C-F558-1794-01A9B4A04C11} = {4269362F-D6F2-65F4-2BBE-AB3AFD2B4DB6}
		{0E59740C-F003-F9F0-ABE1-49AC156FA111} = {7279D24F-16A8-80D1-9599-92FB1BBC231B}
		{2E4F33A0-EE53-CBF1-4442-D89B517E24FE} = {0E59740C-F003-F9F0-ABE1-49AC156FA111}
		{CDC25E7E-F634-A95F-269E-30A134B9036E} = {7279D24F-16A8-80D1-9599-92FB1BBC231B}
		{4C4A3A37-B3A0-1EA8-440A-1FABC254DAF7} = {CDC25E7E-F634-A95F-269E-30A134B9036E}
		{FCBCC9EC-4179-5DE8-9050-0CECF1BF09BB} = {7279D24F-16A8-80D1-9599-92FB1BBC231B}
		{4E07D751-4C6D-A351-CD72-54908E1DF165} = {FCBCC9EC-4179-5DE8-9050-0CECF1BF09BB}
		{3638C6FB-2E7E-CEFF-B717-59C924D9AFE9} = {4E07D751-4C6D-A351-CD72-54908E1DF165}
		{AE2DC561-EED2-BB9D-12CD-103CD15FC149} = {3638C6FB-2E7E-CEFF-B717-59C924D9AFE9}
		{CEEF65D4-4365-3B88-CED3-427A7DEF1819} = {4E07D751-4C6D-A351-CD72-54908E1DF165}
		{D74B7F60-8AC3-94DE-B8D3-6FF8A2FB28FF} = {CEEF65D4-4365-3B88-CED3-427A7DEF1819}
	EndGlobalSection
	GlobalSection(ExtensibilityGlobals) = postSolution
		SolutionGuid = {9459208A-93B4-49ED-BCA6-2841704B85A2}
	EndGlobalSection
EndGlobal
